
Microsoft Visual Studio Solution File, Format Version 10.00
# Visual C# Express 2008
Project("{FAE04EC0-301F-11D3-BF4B-00C04F79EFBC}") = "linkid-sdk-dotnet", "linkid-sdk-dotnet\linkid-sdk-dotnet.csproj", "{C981F9EB-0CDB-4BBE-BDA6-31877B59BB14}"
EndProject
Project("{FAE04EC0-301F-11D3-BF4B-00C04F79EFBC}") = "linkid-sdk-dotnet-test", "linkid-sdk-dotnet-test\linkid-sdk-dotnet-test.csproj", "{B89CB10C-8B77-4051-A20F-57D13394B20A}"
EndProject
Global
	GlobalSection(SolutionConfigurationPlatforms) = preSolution
		Debug|Any CPU = Debug|Any CPU
		Release|Any CPU = Release|Any CPU
	EndGlobalSection
	GlobalSection(ProjectConfigurationPlatforms) = postSolution
		{C981F9EB-0CDB-4BBE-BDA6-31877B59BB14}.Debug|Any CPU.ActiveCfg = Debug|Any CPU
		{C981F9EB-0CDB-4BBE-BDA6-31877B59BB14}.Debug|Any CPU.Build.0 = Debug|Any CPU
		{C981F9EB-0CDB-4BBE-BDA6-31877B59BB14}.Release|Any CPU.ActiveCfg = Release|Any CPU
		{C981F9EB-0CDB-4BBE-BDA6-31877B59BB14}.Release|Any CPU.Build.0 = Release|Any CPU
		{B89CB10C-8B77-4051-A20F-57D13394B20A}.Debug|Any CPU.ActiveCfg = Debug|Any CPU
		{B89CB10C-8B77-4051-A20F-57D13394B20A}.Debug|Any CPU.Build.0 = Debug|Any CPU
		{B89CB10C-8B77-4051-A20F-57D13394B20A}.Release|Any CPU.ActiveCfg = Release|Any CPU
		{B89CB10C-8B77-4051-A20F-57D13394B20A}.Release|Any CPU.Build.0 = Release|Any CPU
	EndGlobalSection
	GlobalSection(SolutionProperties) = preSolution
		HideSolutionNode = FALSE
	EndGlobalSection
EndGlobal
